
Microsoft Visual Studio Solution File, Format Version 12.00
# Visual Studio Version 17
VisualStudioVersion = 17.10.35122.118
MinimumVisualStudioVersion = 10.0.40219.1
Project("{FAE04EC0-301F-11D3-BF4B-00C04F79EFBC}") = "ASKING-API", "ASKING-API\ASKING-API.csproj", "{20C14940-6E1F-4A4D-A355-1F89CC28FA6E}"
EndProject
Global
	GlobalSection(SolutionConfigurationPlatforms) = preSolution
		Debug|Any CPU = Debug|Any CPU
		Release|Any CPU = Release|Any CPU
	EndGlobalSection
	GlobalSection(ProjectConfigurationPlatforms) = postSolution
		{20C14940-6E1F-4A4D-A355-1F89CC28FA6E}.Debug|Any CPU.ActiveCfg = Debug|Any CPU
		{20C14940-6E1F-4A4D-A355-1F89CC28FA6E}.Debug|Any CPU.Build.0 = Debug|Any CPU
		{20C14940-6E1F-4A4D-A355-1F89CC28FA6E}.Release|Any CPU.ActiveCfg = Release|Any CPU
		{20C14940-6E1F-4A4D-A355-1F89CC28FA6E}.Release|Any CPU.Build.0 = Release|Any CPU
	EndGlobalSection
	GlobalSection(SolutionProperties) = preSolution
		HideSolutionNode = FALSE
	EndGlobalSection
	GlobalSection(ExtensibilityGlobals) = postSolution
		SolutionGuid = {E12A7AA4-11D8-4838-A773-03D554C7E998}
	EndGlobalSection
EndGlobal
